
Microsoft Visual Studio Solution File, Format Version 12.00
# Visual Studio Version 16
VisualStudioVersion = 16.0.31205.134
MinimumVisualStudioVersion = 10.0.40219.1
Project("{8BC9CEB8-8B4A-11D0-8D11-00A0C91BC942}") = "CodeUp_2331 한라산 등반1", "CodeUp_2331 한라산 등반1.vcxproj", "{381EDC2F-7620-48D2-B9AE-C04F8533318B}"
EndProject
Global
	GlobalSection(SolutionConfigurationPlatforms) = preSolution
		Debug|x64 = Debug|x64
		Debug|x86 = Debug|x86
		Release|x64 = Release|x64
		Release|x86 = Release|x86
	EndGlobalSection
	GlobalSection(ProjectConfigurationPlatforms) = postSolution
		{381EDC2F-7620-48D2-B9AE-C04F8533318B}.Debug|x64.ActiveCfg = Debug|x64
		{381EDC2F-7620-48D2-B9AE-C04F8533318B}.Debug|x64.Build.0 = Debug|x64
		{381EDC2F-7620-48D2-B9AE-C04F8533318B}.Debug|x86.ActiveCfg = Debug|Win32
		{381EDC2F-7620-48D2-B9AE-C04F8533318B}.Debug|x86.Build.0 = Debug|Win32
		{381EDC2F-7620-48D2-B9AE-C04F8533318B}.Release|x64.ActiveCfg = Release|x64
		{381EDC2F-7620-48D2-B9AE-C04F8533318B}.Release|x64.Build.0 = Release|x64
		{381EDC2F-7620-48D2-B9AE-C04F8533318B}.Release|x86.ActiveCfg = Release|Win32
		{381EDC2F-7620-48D2-B9AE-C04F8533318B}.Release|x86.Build.0 = Release|Win32
	EndGlobalSection
	GlobalSection(SolutionProperties) = preSolution
		HideSolutionNode = FALSE
	EndGlobalSection
	GlobalSection(ExtensibilityGlobals) = postSolution
		SolutionGuid = {1928D65F-D13B-4B23-8481-9FCA17376DDD}
	EndGlobalSection
EndGlobal
